
Microsoft Visual Studio Solution File, Format Version 12.00
# Visual Studio Version 16
VisualStudioVersion = 16.0.29806.167
MinimumVisualStudioVersion = 10.0.40219.1
Project("{A07B5EB6-E848-4116-A8D0-A826331D98C6}") = "RequestHandling", "RequestHandling\RequestHandling.sfproj", "{0473CCA0-9109-4ECD-BEA0-4431D18D9480}"
EndProject
Project("{9A19103F-16F7-4668-BE54-9A1E7A4F7556}") = "ServiceA", "ServiceA\ServiceA.csproj", "{D7AEC9F4-8DC2-4639-B4AE-EFAADA3BD033}"
EndProject
Project("{9A19103F-16F7-4668-BE54-9A1E7A4F7556}") = "ServiceB", "ServiceB\ServiceB.csproj", "{7230A796-C5BC-414D-966F-5298976B2A90}"
EndProject
Project("{9A19103F-16F7-4668-BE54-9A1E7A4F7556}") = "ServiceC", "ServiceC\ServiceC.csproj", "{C4BCEA68-11B5-4A8B-B972-45F01293E806}"
EndProject
Project("{FAE04EC0-301F-11D3-BF4B-00C04F79EFBC}") = "ChaosTests", "ChaosTests\ChaosTests.csproj", "{81D735E3-2496-4B3E-8EE9-29CDE7F77B23}"
EndProject
Global
	GlobalSection(SolutionConfigurationPlatforms) = preSolution
		Debug|Any CPU = Debug|Any CPU
		Debug|x64 = Debug|x64
		Release|Any CPU = Release|Any CPU
		Release|x64 = Release|x64
	EndGlobalSection
	GlobalSection(ProjectConfigurationPlatforms) = postSolution
		{0473CCA0-9109-4ECD-BEA0-4431D18D9480}.Debug|Any CPU.ActiveCfg = Debug|x64
		{0473CCA0-9109-4ECD-BEA0-4431D18D9480}.Debug|x64.ActiveCfg = Debug|x64
		{0473CCA0-9109-4ECD-BEA0-4431D18D9480}.Debug|x64.Build.0 = Debug|x64
		{0473CCA0-9109-4ECD-BEA0-4431D18D9480}.Debug|x64.Deploy.0 = Debug|x64
		{0473CCA0-9109-4ECD-BEA0-4431D18D9480}.Release|Any CPU.ActiveCfg = Release|x64
		{0473CCA0-9109-4ECD-BEA0-4431D18D9480}.Release|x64.ActiveCfg = Release|x64
		{0473CCA0-9109-4ECD-BEA0-4431D18D9480}.Release|x64.Build.0 = Release|x64
		{0473CCA0-9109-4ECD-BEA0-4431D18D9480}.Release|x64.Deploy.0 = Release|x64
		{D7AEC9F4-8DC2-4639-B4AE-EFAADA3BD033}.Debug|Any CPU.ActiveCfg = Debug|Any CPU
		{D7AEC9F4-8DC2-4639-B4AE-EFAADA3BD033}.Debug|Any CPU.Build.0 = Debug|Any CPU
		{D7AEC9F4-8DC2-4639-B4AE-EFAADA3BD033}.Debug|x64.ActiveCfg = Debug|Any CPU
		{D7AEC9F4-8DC2-4639-B4AE-EFAADA3BD033}.Debug|x64.Build.0 = Debug|Any CPU
		{D7AEC9F4-8DC2-4639-B4AE-EFAADA3BD033}.Release|Any CPU.ActiveCfg = Release|Any CPU
		{D7AEC9F4-8DC2-4639-B4AE-EFAADA3BD033}.Release|Any CPU.Build.0 = Release|Any CPU
		{D7AEC9F4-8DC2-4639-B4AE-EFAADA3BD033}.Release|x64.ActiveCfg = Release|Any CPU
		{D7AEC9F4-8DC2-4639-B4AE-EFAADA3BD033}.Release|x64.Build.0 = Release|Any CPU
		{7230A796-C5BC-414D-966F-5298976B2A90}.Debug|Any CPU.ActiveCfg = Debug|Any CPU
		{7230A796-C5BC-414D-966F-5298976B2A90}.Debug|Any CPU.Build.0 = Debug|Any CPU
		{7230A796-C5BC-414D-966F-5298976B2A90}.Debug|x64.ActiveCfg = Debug|Any CPU
		{7230A796-C5BC-414D-966F-5298976B2A90}.Debug|x64.Build.0 = Debug|Any CPU
		{7230A796-C5BC-414D-966F-5298976B2A90}.Release|Any CPU.ActiveCfg = Release|Any CPU
		{7230A796-C5BC-414D-966F-5298976B2A90}.Release|Any CPU.Build.0 = Release|Any CPU
		{7230A796-C5BC-414D-966F-5298976B2A90}.Release|x64.ActiveCfg = Release|Any CPU
		{7230A796-C5BC-414D-966F-5298976B2A90}.Release|x64.Build.0 = Release|Any CPU
		{C4BCEA68-11B5-4A8B-B972-45F01293E806}.Debug|Any CPU.ActiveCfg = Debug|Any CPU
		{C4BCEA68-11B5-4A8B-B972-45F01293E806}.Debug|Any CPU.Build.0 = Debug|Any CPU
		{C4BCEA68-11B5-4A8B-B972-45F01293E806}.Debug|x64.ActiveCfg = Debug|Any CPU
		{C4BCEA68-11B5-4A8B-B972-45F01293E806}.Debug|x64.Build.0 = Debug|Any CPU
		{C4BCEA68-11B5-4A8B-B972-45F01293E806}.Release|Any CPU.ActiveCfg = Release|Any CPU
		{C4BCEA68-11B5-4A8B-B972-45F01293E806}.Release|Any CPU.Build.0 = Release|Any CPU
		{C4BCEA68-11B5-4A8B-B972-45F01293E806}.Release|x64.ActiveCfg = Release|Any CPU
		{C4BCEA68-11B5-4A8B-B972-45F01293E806}.Release|x64.Build.0 = Release|Any CPU
		{81D735E3-2496-4B3E-8EE9-29CDE7F77B23}.Debug|Any CPU.ActiveCfg = Debug|Any CPU
		{81D735E3-2496-4B3E-8EE9-29CDE7F77B23}.Debug|Any CPU.Build.0 = Debug|Any CPU
		{81D735E3-2496-4B3E-8EE9-29CDE7F77B23}.Debug|x64.ActiveCfg = Debug|Any CPU
		{81D735E3-2496-4B3E-8EE9-29CDE7F77B23}.Debug|x64.Build.0 = Debug|Any CPU
		{81D735E3-2496-4B3E-8EE9-29CDE7F77B23}.Release|Any CPU.ActiveCfg = Release|Any CPU
		{81D735E3-2496-4B3E-8EE9-29CDE7F77B23}.Release|Any CPU.Build.0 = Release|Any CPU
		{81D735E3-2496-4B3E-8EE9-29CDE7F77B23}.Release|x64.ActiveCfg = Release|Any CPU
		{81D735E3-2496-4B3E-8EE9-29CDE7F77B23}.Release|x64.Build.0 = Release|Any CPU
	EndGlobalSection
	GlobalSection(SolutionProperties) = preSolution
		HideSolutionNode = FALSE
	EndGlobalSection
	GlobalSection(ExtensibilityGlobals) = postSolution
		SolutionGuid = {613ED952-7EE9-4BD0-8E12-37B682AC1D2D}
	EndGlobalSection
EndGlobal
